
Microsoft Visual Studio Solution File, Format Version 12.00
# Visual Studio Version 17
VisualStudioVersion = 17.8.34330.188
MinimumVisualStudioVersion = 10.0.40219.1
Project("{FAE04EC0-301F-11D3-BF4B-00C04F79EFBC}") = "PregnancyGrwothTracking.API", "PregnancyGrwothTracking.API\PregnancyGrwothTracking.API.csproj", "{964488C3-3A58-4B79-8E5E-51CD3B820D05}"
EndProject
Project("{FAE04EC0-301F-11D3-BF4B-00C04F79EFBC}") = "PregnancyGrowthTracking.BLL", "PregnancyGrowthTracking.BLL\PregnancyGrowthTracking.BLL.csproj", "{A1D12DF0-1F2D-42D2-83D1-F80FE14BF7B8}"
EndProject
Project("{FAE04EC0-301F-11D3-BF4B-00C04F79EFBC}") = "PregnancyGrowthTracking.DAL", "PregnancyGrowthTracking.DAL\PregnancyGrowthTracking.DAL.csproj", "{4DC44775-05EC-463D-BEC0-B73E37E9A9B4}"
EndProject
Global
	GlobalSection(SolutionConfigurationPlatforms) = preSolution
		Debug|Any CPU = Debug|Any CPU
		Release|Any CPU = Release|Any CPU
	EndGlobalSection
	GlobalSection(ProjectConfigurationPlatforms) = postSolution
		{964488C3-3A58-4B79-8E5E-51CD3B820D05}.Debug|Any CPU.ActiveCfg = Debug|Any CPU
		{964488C3-3A58-4B79-8E5E-51CD3B820D05}.Debug|Any CPU.Build.0 = Debug|Any CPU
		{964488C3-3A58-4B79-8E5E-51CD3B820D05}.Release|Any CPU.ActiveCfg = Release|Any CPU
		{964488C3-3A58-4B79-8E5E-51CD3B820D05}.Release|Any CPU.Build.0 = Release|Any CPU
		{A1D12DF0-1F2D-42D2-83D1-F80FE14BF7B8}.Debug|Any CPU.ActiveCfg = Debug|Any CPU
		{A1D12DF0-1F2D-42D2-83D1-F80FE14BF7B8}.Debug|Any CPU.Build.0 = Debug|Any CPU
		{A1D12DF0-1F2D-42D2-83D1-F80FE14BF7B8}.Release|Any CPU.ActiveCfg = Release|Any CPU
		{A1D12DF0-1F2D-42D2-83D1-F80FE14BF7B8}.Release|Any CPU.Build.0 = Release|Any CPU
		{4DC44775-05EC-463D-BEC0-B73E37E9A9B4}.Debug|Any CPU.ActiveCfg = Debug|Any CPU
		{4DC44775-05EC-463D-BEC0-B73E37E9A9B4}.Debug|Any CPU.Build.0 = Debug|Any CPU
		{4DC44775-05EC-463D-BEC0-B73E37E9A9B4}.Release|Any CPU.ActiveCfg = Release|Any CPU
		{4DC44775-05EC-463D-BEC0-B73E37E9A9B4}.Release|Any CPU.Build.0 = Release|Any CPU
	EndGlobalSection
	GlobalSection(SolutionProperties) = preSolution
		HideSolutionNode = FALSE
	EndGlobalSection
	GlobalSection(ExtensibilityGlobals) = postSolution
		SolutionGuid = {3451AB81-042C-45DD-9373-61855A7A8B1F}
	EndGlobalSection
EndGlobal
